{
  "requires": true,
  "lockfileVersion": 1,
  "dependencies": {
    "filic": {
      "version": "1.3.0",
      "resolved": "https://registry.npmjs.org/filic/-/filic-1.3.0.tgz",
      "integrity": "sha512-LelwEQjG51b8DqMl6p3K6jBLmIKO21YZDjz/hW3dIvGTqAs2Nxzv0CAWGGT2139p5jN1/GA7v0vFS0yGmULs4A=="
    }
  }
}
