{
  "name": "pi",
  "version": "1.0.0",
  "lockfileVersion": 1,
  "requires": true,
  "dependencies": {
    "filic": {
      "version": "1.4.0",
      "resolved": "https://registry.npmjs.org/filic/-/filic-1.4.0.tgz",
      "integrity": "sha512-zyq9pDaYCoaZ0nKPrWinUqC3yQYQx2OlDF5s8j5cyQbcinQxA0Yy957pTYJ69EfMAk1Q4YOhRCtYANkb3ZsRIw=="
    }
  }
}
